
Microsoft Visual Studio Solution File, Format Version 12.00
# Visual Studio 2013
VisualStudioVersion = 12.0.30501.0
MinimumVisualStudioVersion = 10.0.40219.1
Project("{FAE04EC0-301F-11D3-BF4B-00C04F79EFBC}") = "WebApiTester", "WebApiTester\WebApiTester.csproj", "{0A17A96A-8416-40FE-A0B4-E927B5F3BAC4}"
EndProject
Project("{2150E333-8FDC-42A3-9474-1A3956D46DE8}") = "PublishScripts", "PublishScripts", "{D1C006E0-38D4-4B10-BEA3-370EF9A879C8}"
	ProjectSection(SolutionItems) = preProject
		PublishScripts\AzureWebsitePublishModule.psm1 = PublishScripts\AzureWebsitePublishModule.psm1
		PublishScripts\Publish-WebApplicationWebsite.ps1 = PublishScripts\Publish-WebApplicationWebsite.ps1
	EndProjectSection
EndProject
Project("{2150E333-8FDC-42A3-9474-1A3956D46DE8}") = "Configurations", "Configurations", "{32968D00-5449-46D5-B3D3-352CF9F1B549}"
	ProjectSection(SolutionItems) = preProject
		PublishScripts\Configurations\WebApiTester-WAWS-dev.json = PublishScripts\Configurations\WebApiTester-WAWS-dev.json
	EndProjectSection
EndProject
Global
	GlobalSection(SolutionConfigurationPlatforms) = preSolution
		Debug|Any CPU = Debug|Any CPU
		Release|Any CPU = Release|Any CPU
	EndGlobalSection
	GlobalSection(ProjectConfigurationPlatforms) = postSolution
		{0A17A96A-8416-40FE-A0B4-E927B5F3BAC4}.Debug|Any CPU.ActiveCfg = Debug|Any CPU
		{0A17A96A-8416-40FE-A0B4-E927B5F3BAC4}.Debug|Any CPU.Build.0 = Debug|Any CPU
		{0A17A96A-8416-40FE-A0B4-E927B5F3BAC4}.Release|Any CPU.ActiveCfg = Release|Any CPU
		{0A17A96A-8416-40FE-A0B4-E927B5F3BAC4}.Release|Any CPU.Build.0 = Release|Any CPU
	EndGlobalSection
	GlobalSection(SolutionProperties) = preSolution
		HideSolutionNode = FALSE
	EndGlobalSection
	GlobalSection(NestedProjects) = preSolution
		{32968D00-5449-46D5-B3D3-352CF9F1B549} = {D1C006E0-38D4-4B10-BEA3-370EF9A879C8}
	EndGlobalSection
EndGlobal
